// !$*UTF8*$!
{
	archiveVersion = 1;
	classes = {
	};
	objectVersion = 46;
	objects = {

/* Begin PBXBuildFile section */
		890665F81EF79B7E00ABB1D4 /* AppDelegate.swift in Sources */ = {isa = PBXBuildFile; fileRef = 890665F71EF79B7E00ABB1D4 /* AppDelegate.swift */; };
		890665FA1EF79B7E00ABB1D4 /* ViewController.swift in Sources */ = {isa = PBXBuildFile; fileRef = 890665F91EF79B7E00ABB1D4 /* ViewController.swift */; };
		890665FD1EF79B7E00ABB1D4 /* Main.storyboard in Resources */ = {isa = PBXBuildFile; fileRef = 890665FB1EF79B7E00ABB1D4 /* Main.storyboard */; };
		890665FF1EF79B7E00ABB1D4 /* Assets.xcassets in Resources */ = {isa = PBXBuildFile; fileRef = 890665FE1EF79B7E00ABB1D4 /* Assets.xcassets */; };
		890666021EF79B7E00ABB1D4 /* LaunchScreen.storyboard in Resources */ = {isa = PBXBuildFile; fileRef = 890666001EF79B7E00ABB1D4 /* LaunchScreen.storyboard */; };
		8906660D1EF79B7E00ABB1D4 /* cex_graphsTests.swift in Sources */ = {isa = PBXBuildFile; fileRef = 8906660C1EF79B7E00ABB1D4 /* cex_graphsTests.swift */; };
		890666181EF79B7E00ABB1D4 /* cex_graphsUITests.swift in Sources */ = {isa = PBXBuildFile; fileRef = 890666171EF79B7E00ABB1D4 /* cex_graphsUITests.swift */; };
/* End PBXBuildFile section */

/* Begin PBXContainerItemProxy section */
		890666091EF79B7E00ABB1D4 /* PBXContainerItemProxy */ = {
			isa = PBXContainerItemProxy;
			containerPortal = 890665EC1EF79B7E00ABB1D4 /* Project object */;
			proxyType = 1;
			remoteGlobalIDString = 890665F31EF79B7E00ABB1D4;
			remoteInfo = "cex-graphs";
		};
		890666141EF79B7E00ABB1D4 /* PBXContainerItemProxy */ = {
			isa = PBXContainerItemProxy;
			containerPortal = 890665EC1EF79B7E00ABB1D4 /* Project object */;
			proxyType = 1;
			remoteGlobalIDString = 890665F31EF79B7E00ABB1D4;
			remoteInfo = "cex-graphs";
		};
/* End PBXContainerItemProxy section */

/* Begin PBXFileReference section */
		890665F41EF79B7E00ABB1D4 /* cex-graphs.app */ = {isa = PBXFileReference; explicitFileType = wrapper.application; includeInIndex = 0; path = "cex-graphs.app"; sourceTree = BUILT_PRODUCTS_DIR; };
		890665F71EF79B7E00ABB1D4 /* AppDelegate.swift */ = {isa = PBXFileReference; lastKnownFileType = sourcecode.swift; path = AppDelegate.swift; sourceTree = "<group>"; };
		890665F91EF79B7E00ABB1D4 /* ViewController.swift */ = {isa = PBXFileReference; lastKnownFileType = sourcecode.swift; path = ViewController.swift; sourceTree = "<group>"; };
		890665FC1EF79B7E00ABB1D4 /* Base */ = {isa = PBXFileReference; lastKnownFileType = file.storyboard; name = Base; path = Base.lproj/Main.storyboard; sourceTree = "<group>"; };
		890665FE1EF79B7E00ABB1D4 /* Assets.xcassets */ = {isa = PBXFileReference; lastKnownFileType = folder.assetcatalog; path = Assets.xcassets; sourceTree = "<group>"; };
		890666011EF79B7E00ABB1D4 /* Base */ = {isa = PBXFileReference; lastKnownFileType = file.storyboard; name = Base; path = Base.lproj/LaunchScreen.storyboard; sourceTree = "<group>"; };
		890666031EF79B7E00ABB1D4 /* Info.plist */ = {isa = PBXFileReference; lastKnownFileType = text.plist.xml; path = Info.plist; sourceTree = "<group>"; };
		890666081EF79B7E00ABB1D4 /* cex-graphsTests.xctest */ = {isa = PBXFileReference; explicitFileType = wrapper.cfbundle; includeInIndex = 0; path = "cex-graphsTests.xctest"; sourceTree = BUILT_PRODUCTS_DIR; };
		8906660C1EF79B7E00ABB1D4 /* cex_graphsTests.swift */ = {isa = PBXFileReference; lastKnownFileType = sourcecode.swift; path = cex_graphsTests.swift; sourceTree = "<group>"; };
		8906660E1EF79B7E00ABB1D4 /* Info.plist */ = {isa = PBXFileReference; lastKnownFileType = text.plist.xml; path = Info.plist; sourceTree = "<group>"; };
		890666131EF79B7E00ABB1D4 /* cex-graphsUITests.xctest */ = {isa = PBXFileReference; explicitFileType = wrapper.cfbundle; includeInIndex = 0; path = "cex-graphsUITests.xctest"; sourceTree = BUILT_PRODUCTS_DIR; };
		890666171EF79B7E00ABB1D4 /* cex_graphsUITests.swift */ = {isa = PBXFileReference; lastKnownFileType = sourcecode.swift; path = cex_graphsUITests.swift; sourceTree = "<group>"; };
		890666191EF79B7E00ABB1D4 /* Info.plist */ = {isa = PBXFileReference; lastKnownFileType = text.plist.xml; path = Info.plist; sourceTree = "<group>"; };
/* End PBXFileReference section */

/* Begin PBXFrameworksBuildPhase section */
		890665F11EF79B7E00ABB1D4 /* Frameworks */ = {
			isa = PBXFrameworksBuildPhase;
			buildActionMask = 2147483647;
			files = (
			);
			runOnlyForDeploymentPostprocessing = 0;
		};
		890666051EF79B7E00ABB1D4 /* Frameworks */ = {
			isa = PBXFrameworksBuildPhase;
			buildActionMask = 2147483647;
			files = (
			);
			runOnlyForDeploymentPostprocessing = 0;
		};
		890666101EF79B7E00ABB1D4 /* Frameworks */ = {
			isa = PBXFrameworksBuildPhase;
			buildActionMask = 2147483647;
			files = (
			);
			runOnlyForDeploymentPostprocessing = 0;
		};
/* End PBXFrameworksBuildPhase section */

/* Begin PBXGroup section */
		890665EB1EF79B7E00ABB1D4 = {
			isa = PBXGroup;
			children = (
				890665F61EF79B7E00ABB1D4 /* cex-graphs */,
				8906660B1EF79B7E00ABB1D4 /* cex-graphsTests */,
				890666161EF79B7E00ABB1D4 /* cex-graphsUITests */,
				890665F51EF79B7E00ABB1D4 /* Products */,
			);
			sourceTree = "<group>";
		};
		890665F51EF79B7E00ABB1D4 /* Products */ = {
			isa = PBXGroup;
			children = (
				890665F41EF79B7E00ABB1D4 /* cex-graphs.app */,
				890666081EF79B7E00ABB1D4 /* cex-graphsTests.xctest */,
				890666131EF79B7E00ABB1D4 /* cex-graphsUITests.xctest */,
			);
			name = Products;
			sourceTree = "<group>";
		};
		890665F61EF79B7E00ABB1D4 /* cex-graphs */ = {
			isa = PBXGroup;
			children = (
				890665F71EF79B7E00ABB1D4 /* AppDelegate.swift */,
				890665F91EF79B7E00ABB1D4 /* ViewController.swift */,
				890665FB1EF79B7E00ABB1D4 /* Main.storyboard */,
				890665FE1EF79B7E00ABB1D4 /* Assets.xcassets */,
				890666001EF79B7E00ABB1D4 /* LaunchScreen.storyboard */,
				890666031EF79B7E00ABB1D4 /* Info.plist */,
			);
			path = "cex-graphs";
			sourceTree = "<group>";
		};
		8906660B1EF79B7E00ABB1D4 /* cex-graphsTests */ = {
			isa = PBXGroup;
			children = (
				8906660C1EF79B7E00ABB1D4 /* cex_graphsTests.swift */,
				8906660E1EF79B7E00ABB1D4 /* Info.plist */,
			);
			path = "cex-graphsTests";
			sourceTree = "<group>";
		};
		890666161EF79B7E00ABB1D4 /* cex-graphsUITests */ = {
			isa = PBXGroup;
			children = (
				890666171EF79B7E00ABB1D4 /* cex_graphsUITests.swift */,
				890666191EF79B7E00ABB1D4 /* Info.plist */,
			);
			path = "cex-graphsUITests";
			sourceTree = "<group>";
		};
/* End PBXGroup section */

/* Begin PBXNativeTarget section */
		890665F31EF79B7E00ABB1D4 /* cex-graphs */ = {
			isa = PBXNativeTarget;
			buildConfigurationList = 8906661C1EF79B7E00ABB1D4 /* Build configuration list for PBXNativeTarget "cex-graphs" */;
			buildPhases = (
				890665F01EF79B7E00ABB1D4 /* Sources */,
				890665F11EF79B7E00ABB1D4 /* Frameworks */,
				890665F21EF79B7E00ABB1D4 /* Resources */,
			);
			buildRules = (
			);
			dependencies = (
			);
			name = "cex-graphs";
			productName = "cex-graphs";
			productReference = 890665F41EF79B7E00ABB1D4 /* cex-graphs.app */;
			productType = "com.apple.product-type.application";
		};
		890666071EF79B7E00ABB1D4 /* cex-graphsTests */ = {
			isa = PBXNativeTarget;
			buildConfigurationList = 8906661F1EF79B7E00ABB1D4 /* Build configuration list for PBXNativeTarget "cex-graphsTests" */;
			buildPhases = (
				890666041EF79B7E00ABB1D4 /* Sources */,
				890666051EF79B7E00ABB1D4 /* Frameworks */,
				890666061EF79B7E00ABB1D4 /* Resources */,
			);
			buildRules = (
			);
			dependencies = (
				8906660A1EF79B7E00ABB1D4 /* PBXTargetDependency */,
			);
			name = "cex-graphsTests";
			productName = "cex-graphsTests";
			productReference = 890666081EF79B7E00ABB1D4 /* cex-graphsTests.xctest */;
			productType = "com.apple.product-type.bundle.unit-test";
		};
		890666121EF79B7E00ABB1D4 /* cex-graphsUITests */ = {
			isa = PBXNativeTarget;
			buildConfigurationList = 890666221EF79B7E00ABB1D4 /* Build configuration list for PBXNativeTarget "cex-graphsUITests" */;
			buildPhases = (
				8906660F1EF79B7E00ABB1D4 /* Sources */,
				890666101EF79B7E00ABB1D4 /* Frameworks */,
				890666111EF79B7E00ABB1D4 /* Resources */,
			);
			buildRules = (
			);
			dependencies = (
				890666151EF79B7E00ABB1D4 /* PBXTargetDependency */,
			);
			name = "cex-graphsUITests";
			productName = "cex-graphsUITests";
			productReference = 890666131EF79B7E00ABB1D4 /* cex-graphsUITests.xctest */;
			productType = "com.apple.product-type.bundle.ui-testing";
		};
/* End PBXNativeTarget section */

/* Begin PBXProject section */
		890665EC1EF79B7E00ABB1D4 /* Project object */ = {
			isa = PBXProject;
			attributes = {
				LastSwiftUpdateCheck = 0830;
				LastUpgradeCheck = 0830;
				ORGANIZATIONNAME = "Ashish Kapoor";
				TargetAttributes = {
					890665F31EF79B7E00ABB1D4 = {
						CreatedOnToolsVersion = 8.3.3;
						DevelopmentTeam = 8NCFKTPQVR;
						ProvisioningStyle = Automatic;
					};
					890666071EF79B7E00ABB1D4 = {
						CreatedOnToolsVersion = 8.3.3;
						DevelopmentTeam = 8NCFKTPQVR;
						ProvisioningStyle = Automatic;
						TestTargetID = 890665F31EF79B7E00ABB1D4;
					};
					890666121EF79B7E00ABB1D4 = {
						CreatedOnToolsVersion = 8.3.3;
						DevelopmentTeam = 8NCFKTPQVR;
						ProvisioningStyle = Automatic;
						TestTargetID = 890665F31EF79B7E00ABB1D4;
					};
				};
			};
			buildConfigurationList = 890665EF1EF79B7E00ABB1D4 /* Build configuration list for PBXProject "cex-graphs" */;
			compatibilityVersion = "Xcode 3.2";
			developmentRegion = English;
			hasScannedForEncodings = 0;
			knownRegions = (
				en,
				Base,
			);
			mainGroup = 890665EB1EF79B7E00ABB1D4;
			productRefGroup = 890665F51EF79B7E00ABB1D4 /* Products */;
			projectDirPath = "";
			projectRoot = "";
			targets = (
				890665F31EF79B7E00ABB1D4 /* cex-graphs */,
				890666071EF79B7E00ABB1D4 /* cex-graphsTests */,
				890666121EF79B7E00ABB1D4 /* cex-graphsUITests */,
			);
		};
/* End PBXProject section */

/* Begin PBXResourcesBuildPhase section */
		890665F21EF79B7E00ABB1D4 /* Resources */ = {
			isa = PBXResourcesBuildPhase;
			buildActionMask = 2147483647;
			files = (
				890666021EF79B7E00ABB1D4 /* LaunchScreen.storyboard in Resources */,
				890665FF1EF79B7E00ABB1D4 /* Assets.xcassets in Resources */,
				890665FD1EF79B7E00ABB1D4 /* Main.storyboard in Resources */,
			);
			runOnlyForDeploymentPostprocessing = 0;
		};
		890666061EF79B7E00ABB1D4 /* Resources */ = {
			isa = PBXResourcesBuildPhase;
			buildActionMask = 2147483647;
			files = (
			);
			runOnlyForDeploymentPostprocessing = 0;
		};
		890666111EF79B7E00ABB1D4 /* Resources */ = {
			isa = PBXResourcesBuildPhase;
			buildActionMask = 2147483647;
			files = (
			);
			runOnlyForDeploymentPostprocessing = 0;
		};
/* End PBXResourcesBuildPhase section */

/* Begin PBXSourcesBuildPhase section */
		890665F01EF79B7E00ABB1D4 /* Sources */ = {
			isa = PBXSourcesBuildPhase;
			buildActionMask = 2147483647;
			files = (
				890665FA1EF79B7E00ABB1D4 /* ViewController.swift in Sources */,
				890665F81EF79B7E00ABB1D4 /* AppDelegate.swift in Sources */,
			);
			runOnlyForDeploymentPostprocessing = 0;
		};
		890666041EF79B7E00ABB1D4 /* Sources */ = {
			isa = PBXSourcesBuildPhase;
			buildActionMask = 2147483647;
			files = (
				8906660D1EF79B7E00ABB1D4 /* cex_graphsTests.swift in Sources */,
			);
			runOnlyForDeploymentPostprocessing = 0;
		};
		8906660F1EF79B7E00ABB1D4 /* Sources */ = {
			isa = PBXSourcesBuildPhase;
			buildActionMask = 2147483647;
			files = (
				890666181EF79B7E00ABB1D4 /* cex_graphsUITests.swift in Sources */,
			);
			runOnlyForDeploymentPostprocessing = 0;
		};
/* End PBXSourcesBuildPhase section */

/* Begin PBXTargetDependency section */
		8906660A1EF79B7E00ABB1D4 /* PBXTargetDependency */ = {
			isa = PBXTargetDependency;
			target = 890665F31EF79B7E00ABB1D4 /* cex-graphs */;
			targetProxy = 890666091EF79B7E00ABB1D4 /* PBXContainerItemProxy */;
		};
		890666151EF79B7E00ABB1D4 /* PBXTargetDependency */ = {
			isa = PBXTargetDependency;
			target = 890665F31EF79B7E00ABB1D4 /* cex-graphs */;
			targetProxy = 890666141EF79B7E00ABB1D4 /* PBXContainerItemProxy */;
		};
/* End PBXTargetDependency section */

/* Begin PBXVariantGroup section */
		890665FB1EF79B7E00ABB1D4 /* Main.storyboard */ = {
			isa = PBXVariantGroup;
			children = (
				890665FC1EF79B7E00ABB1D4 /* Base */,
			);
			name = Main.storyboard;
			sourceTree = "<group>";
		};
		890666001EF79B7E00ABB1D4 /* LaunchScreen.storyboard */ = {
			isa = PBXVariantGroup;
			children = (
				890666011EF79B7E00ABB1D4 /* Base */,
			);
			name = LaunchScreen.storyboard;
			sourceTree = "<group>";
		};
/* End PBXVariantGroup section */

/* Begin XCBuildConfiguration section */
		8906661A1EF79B7E00ABB1D4 /* Debug */ = {
			isa = XCBuildConfiguration;
			buildSettings = {
				ALWAYS_SEARCH_USER_PATHS = NO;
				CLANG_ANALYZER_NONNULL = YES;
				CLANG_ANALYZER_NUMBER_OBJECT_CONVERSION = YES_AGGRESSIVE;
				CLANG_CXX_LANGUAGE_STANDARD = "gnu++0x";
				CLANG_CXX_LIBRARY = "libc++";
				CLANG_ENABLE_MODULES = YES;
				CLANG_ENABLE_OBJC_ARC = YES;
				CLANG_WARN_BOOL_CONVERSION = YES;
				CLANG_WARN_CONSTANT_CONVERSION = YES;
				CLANG_WARN_DIRECT_OBJC_ISA_USAGE = YES_ERROR;
				CLANG_WARN_DOCUMENTATION_COMMENTS = YES;
				CLANG_WARN_EMPTY_BODY = YES;
				CLANG_WARN_ENUM_CONVERSION = YES;
				CLANG_WARN_INFINITE_RECURSION = YES;
				CLANG_WARN_INT_CONVERSION = YES;
				CLANG_WARN_OBJC_ROOT_CLASS = YES_ERROR;
				CLANG_WARN_SUSPICIOUS_MOVE = YES;
				CLANG_WARN_UNREACHABLE_CODE = YES;
				CLANG_WARN__DUPLICATE_METHOD_MATCH = YES;
				"CODE_SIGN_IDENTITY[sdk=iphoneos*]" = "iPhone Developer";
				COPY_PHASE_STRIP = NO;
				DEBUG_INFORMATION_FORMAT = dwarf;
				ENABLE_STRICT_OBJC_MSGSEND = YES;
				ENABLE_TESTABILITY = YES;
				GCC_C_LANGUAGE_STANDARD = gnu99;
				GCC_DYNAMIC_NO_PIC = NO;
				GCC_NO_COMMON_BLOCKS = YES;
				GCC_OPTIMIZATION_LEVEL = 0;
				GCC_PREPROCESSOR_DEFINITIONS = (
					"DEBUG=1",
					"$(inherited)",
				);
				GCC_WARN_64_TO_32_BIT_CONVERSION = YES;
				GCC_WARN_ABOUT_RETURN_TYPE = YES_ERROR;
				GCC_WARN_UNDECLARED_SELECTOR = YES;
				GCC_WARN_UNINITIALIZED_AUTOS = YES_AGGRESSIVE;
				GCC_WARN_UNUSED_FUNCTION = YES;
				GCC_WARN_UNUSED_VARIABLE = YES;
				IPHONEOS_DEPLOYMENT_TARGET = 10.3;
				MTL_ENABLE_DEBUG_INFO = YES;
				ONLY_ACTIVE_ARCH = YES;
				SDKROOT = iphoneos;
				SWIFT_ACTIVE_COMPILATION_CONDITIONS = DEBUG;
				SWIFT_OPTIMIZATION_LEVEL = "-Onone";
				TARGETED_DEVICE_FAMILY = "1,2";
			};
			name = Debug;
		};
		8906661B1EF79B7E00ABB1D4 /* Release */ = {
			isa = XCBuildConfiguration;
			buildSettings = {
				ALWAYS_SEARCH_USER_PATHS = NO;
				CLANG_ANALYZER_NONNULL = YES;
				CLANG_ANALYZER_NUMBER_OBJECT_CONVERSION = YES_AGGRESSIVE;
				CLANG_CXX_LANGUAGE_STANDARD = "gnu++0x";
				CLANG_CXX_LIBRARY = "libc++";
				CLANG_ENABLE_MODULES = YES;
				CLANG_ENABLE_OBJC_ARC = YES;
				CLANG_WARN_BOOL_CONVERSION = YES;
				CLANG_WARN_CONSTANT_CONVERSION = YES;
				CLANG_WARN_DIRECT_OBJC_ISA_USAGE = YES_ERROR;
				CLANG_WARN_DOCUMENTATION_COMMENTS = YES;
				CLANG_WARN_EMPTY_BODY = YES;
				CLANG_WARN_ENUM_CONVERSION = YES;
				CLANG_WARN_INFINITE_RECURSION = YES;
				CLANG_WARN_INT_CONVERSION = YES;
				CLANG_WARN_OBJC_ROOT_CLASS = YES_ERROR;
				CLANG_WARN_SUSPICIOUS_MOVE = YES;
				CLANG_WARN_UNREACHABLE_CODE = YES;
				CLANG_WARN__DUPLICATE_METHOD_MATCH = YES;
				"CODE_SIGN_IDENTITY[sdk=iphoneos*]" = "iPhone Developer";
				COPY_PHASE_STRIP = NO;
				DEBUG_INFORMATION_FORMAT = "dwarf-with-dsym";
				ENABLE_NS_ASSERTIONS = NO;
				ENABLE_STRICT_OBJC_MSGSEND = YES;
				GCC_C_LANGUAGE_STANDARD = gnu99;
				GCC_NO_COMMON_BLOCKS = YES;
				GCC_WARN_64_TO_32_BIT_CONVERSION = YES;
				GCC_WARN_ABOUT_RETURN_TYPE = YES_ERROR;
				GCC_WARN_UNDECLARED_SELECTOR = YES;
				GCC_WARN_UNINITIALIZED_AUTOS = YES_AGGRESSIVE;
				GCC_WARN_UNUSED_FUNCTION = YES;
				GCC_WARN_UNUSED_VARIABLE = YES;
				IPHONEOS_DEPLOYMENT_TARGET = 10.3;
				MTL_ENABLE_DEBUG_INFO = NO;
				SDKROOT = iphoneos;
				SWIFT_OPTIMIZATION_LEVEL = "-Owholemodule";
				TARGETED_DEVICE_FAMILY = "1,2";
				VALIDATE_PRODUCT = YES;
			};
			name = Release;
		};
		8906661D1EF79B7E00ABB1D4 /* Debug */ = {
			isa = XCBuildConfiguration;
			buildSettings = {
				ASSETCATALOG_COMPILER_APPICON_NAME = AppIcon;
				DEVELOPMENT_TEAM = 8NCFKTPQVR;
				INFOPLIST_FILE = "cex-graphs/Info.plist";
				LD_RUNPATH_SEARCH_PATHS = "$(inherited) @executable_path/Frameworks";
				PRODUCT_BUNDLE_IDENTIFIER = "io.github.ashishkapoor.cex-graphs";
				PRODUCT_NAME = "$(TARGET_NAME)";
				SWIFT_VERSION = 3.0;
			};
			name = Debug;
		};
		8906661E1EF79B7E00ABB1D4 /* Release */ = {
			isa = XCBuildConfiguration;
			buildSettings = {
				ASSETCATALOG_COMPILER_APPICON_NAME = AppIcon;
				DEVELOPMENT_TEAM = 8NCFKTPQVR;
				INFOPLIST_FILE = "cex-graphs/Info.plist";
				LD_RUNPATH_SEARCH_PATHS = "$(inherited) @executable_path/Frameworks";
				PRODUCT_BUNDLE_IDENTIFIER = "io.github.ashishkapoor.cex-graphs";
				PRODUCT_NAME = "$(TARGET_NAME)";
				SWIFT_VERSION = 3.0;
			};
			name = Release;
		};
		890666201EF79B7E00ABB1D4 /* Debug */ = {
			isa = XCBuildConfiguration;
			buildSettings = {
				ALWAYS_EMBED_SWIFT_STANDARD_LIBRARIES = YES;
				BUNDLE_LOADER = "$(TEST_HOST)";
				DEVELOPMENT_TEAM = 8NCFKTPQVR;
				INFOPLIST_FILE = "cex-graphsTests/Info.plist";
				LD_RUNPATH_SEARCH_PATHS = "$(inherited) @executable_path/Frameworks @loader_path/Frameworks";
				PRODUCT_BUNDLE_IDENTIFIER = "io.github.ashishkapoor.cex-graphsTests";
				PRODUCT_NAME = "$(TARGET_NAME)";
				SWIFT_VERSION = 3.0;
				TEST_HOST = "$(BUILT_PRODUCTS_DIR)/cex-graphs.app/cex-graphs";
			};
			name = Debug;
		};
		890666211EF79B7E00ABB1D4 /* Release */ = {
			isa = XCBuildConfiguration;
			buildSettings = {
				ALWAYS_EMBED_SWIFT_STANDARD_LIBRARIES = YES;
				BUNDLE_LOADER = "$(TEST_HOST)";
				DEVELOPMENT_TEAM = 8NCFKTPQVR;
				INFOPLIST_FILE = "cex-graphsTests/Info.plist";
				LD_RUNPATH_SEARCH_PATHS = "$(inherited) @executable_path/Frameworks @loader_path/Frameworks";
				PRODUCT_BUNDLE_IDENTIFIER = "io.github.ashishkapoor.cex-graphsTests";
				PRODUCT_NAME = "$(TARGET_NAME)";
				SWIFT_VERSION = 3.0;
				TEST_HOST = "$(BUILT_PRODUCTS_DIR)/cex-graphs.app/cex-graphs";
			};
			name = Release;
		};
		890666231EF79B7E00ABB1D4 /* Debug */ = {
			isa = XCBuildConfiguration;
			buildSettings = {
				ALWAYS_EMBED_SWIFT_STANDARD_LIBRARIES = YES;
				DEVELOPMENT_TEAM = 8NCFKTPQVR;
				INFOPLIST_FILE = "cex-graphsUITests/Info.plist";
				LD_RUNPATH_SEARCH_PATHS = "$(inherited) @executable_path/Frameworks @loader_path/Frameworks";
				PRODUCT_BUNDLE_IDENTIFIER = "io.github.ashishkapoor.cex-graphsUITests";
				PRODUCT_NAME = "$(TARGET_NAME)";
				SWIFT_VERSION = 3.0;
				TEST_TARGET_NAME = "cex-graphs";
			};
			name = Debug;
		};
		890666241EF79B7E00ABB1D4 /* Release */ = {
			isa = XCBuildConfiguration;
			buildSettings = {
				ALWAYS_EMBED_SWIFT_STANDARD_LIBRARIES = YES;
				DEVELOPMENT_TEAM = 8NCFKTPQVR;
				INFOPLIST_FILE = "cex-graphsUITests/Info.plist";
				LD_RUNPATH_SEARCH_PATHS = "$(inherited) @executable_path/Frameworks @loader_path/Frameworks";
				PRODUCT_BUNDLE_IDENTIFIER = "io.github.ashishkapoor.cex-graphsUITests";
				PRODUCT_NAME = "$(TARGET_NAME)";
				SWIFT_VERSION = 3.0;
				TEST_TARGET_NAME = "cex-graphs";
			};
			name = Release;
		};
/* End XCBuildConfiguration section */

/* Begin XCConfigurationList section */
		890665EF1EF79B7E00ABB1D4 /* Build configuration list for PBXProject "cex-graphs" */ = {
			isa = XCConfigurationList;
			buildConfigurations = (
				8906661A1EF79B7E00ABB1D4 /* Debug */,
				8906661B1EF79B7E00ABB1D4 /* Release */,
			);
			defaultConfigurationIsVisible = 0;
			defaultConfigurationName = Release;
		};
		8906661C1EF79B7E00ABB1D4 /* Build configuration list for PBXNativeTarget "cex-graphs" */ = {
			isa = XCConfigurationList;
			buildConfigurations = (
				8906661D1EF79B7E00ABB1D4 /* Debug */,
				8906661E1EF79B7E00ABB1D4 /* Release */,
			);
			defaultConfigurationIsVisible = 0;
		};
		8906661F1EF79B7E00ABB1D4 /* Build configuration list for PBXNativeTarget "cex-graphsTests" */ = {
			isa = XCConfigurationList;
			buildConfigurations = (
				890666201EF79B7E00ABB1D4 /* Debug */,
				890666211EF79B7E00ABB1D4 /* Release */,
			);
			defaultConfigurationIsVisible = 0;
		};
		890666221EF79B7E00ABB1D4 /* Build configuration list for PBXNativeTarget "cex-graphsUITests" */ = {
			isa = XCConfigurationList;
			buildConfigurations = (
				890666231EF79B7E00ABB1D4 /* Debug */,
				890666241EF79B7E00ABB1D4 /* Release */,
			);
			defaultConfigurationIsVisible = 0;
		};
/* End XCConfigurationList section */
	};
	rootObject = 890665EC1EF79B7E00ABB1D4 /* Project object */;
}
